
Microsoft Visual Studio Solution File, Format Version 12.00
# Visual Studio Version 16
VisualStudioVersion = 16.0.31729.503
MinimumVisualStudioVersion = 10.0.40219.1
Project("{FAE04EC0-301F-11D3-BF4B-00C04F79EFBC}") = "TectBoxComponents", "TectBoxComponents.csproj", "{B9442E10-E3EC-4CE4-BD59-E6947C9FB74C}"
EndProject
Global
	GlobalSection(SolutionConfigurationPlatforms) = preSolution
		Debug|Any CPU = Debug|Any CPU
		Release|Any CPU = Release|Any CPU
	EndGlobalSection
	GlobalSection(ProjectConfigurationPlatforms) = postSolution
		{B9442E10-E3EC-4CE4-BD59-E6947C9FB74C}.Debug|Any CPU.ActiveCfg = Debug|Any CPU
		{B9442E10-E3EC-4CE4-BD59-E6947C9FB74C}.Debug|Any CPU.Build.0 = Debug|Any CPU
		{B9442E10-E3EC-4CE4-BD59-E6947C9FB74C}.Release|Any CPU.ActiveCfg = Release|Any CPU
		{B9442E10-E3EC-4CE4-BD59-E6947C9FB74C}.Release|Any CPU.Build.0 = Release|Any CPU
	EndGlobalSection
	GlobalSection(SolutionProperties) = preSolution
		HideSolutionNode = FALSE
	EndGlobalSection
	GlobalSection(ExtensibilityGlobals) = postSolution
		SolutionGuid = {2112C738-FC71-4B0B-A5BC-205E1ACC94D6}
	EndGlobalSection
EndGlobal
