
Microsoft Visual Studio Solution File, Format Version 12.00
# Visual Studio Version 16
VisualStudioVersion = 16.0.31729.503
MinimumVisualStudioVersion = 10.0.40219.1
Project("{FAE04EC0-301F-11D3-BF4B-00C04F79EFBC}") = "WindowsFormsApp1", "WindowsFormsApp1.csproj", "{D7920B81-1EB1-4415-B1A5-9C01A9C5004A}"
EndProject
Global
	GlobalSection(SolutionConfigurationPlatforms) = preSolution
		Debug|Any CPU = Debug|Any CPU
		Release|Any CPU = Release|Any CPU
	EndGlobalSection
	GlobalSection(ProjectConfigurationPlatforms) = postSolution
		{D7920B81-1EB1-4415-B1A5-9C01A9C5004A}.Debug|Any CPU.ActiveCfg = Debug|Any CPU
		{D7920B81-1EB1-4415-B1A5-9C01A9C5004A}.Debug|Any CPU.Build.0 = Debug|Any CPU
		{D7920B81-1EB1-4415-B1A5-9C01A9C5004A}.Release|Any CPU.ActiveCfg = Release|Any CPU
		{D7920B81-1EB1-4415-B1A5-9C01A9C5004A}.Release|Any CPU.Build.0 = Release|Any CPU
	EndGlobalSection
	GlobalSection(SolutionProperties) = preSolution
		HideSolutionNode = FALSE
	EndGlobalSection
	GlobalSection(ExtensibilityGlobals) = postSolution
		SolutionGuid = {F10EE96A-71BE-441E-BA2F-BDA2D7D2EFF1}
	EndGlobalSection
EndGlobal
